
Microsoft Visual Studio Solution File, Format Version 12.00
# Visual Studio Version 17
VisualStudioVersion = 17.10.34916.146
MinimumVisualStudioVersion = 10.0.40219.1
Project("{9A19103F-16F7-4668-BE54-9A1E7A4F7556}") = "SEOProject.MVC", "SEOProject.MVC\SEOProject.MVC.csproj", "{D1688D23-1565-48B5-A09E-645982B4D1C3}"
EndProject
Project("{9A19103F-16F7-4668-BE54-9A1E7A4F7556}") = "SEOProject.DAL", "SEOProject.DAL\SEOProject.DAL.csproj", "{A7932F3C-543F-4B63-8219-3A772ACD49AA}"
EndProject
Project("{9A19103F-16F7-4668-BE54-9A1E7A4F7556}") = "SEOProject.BLL.Models", "SEOProject.BLL.Models\SEOProject.BLL.Models.csproj", "{5220A7DE-2A2B-4DB0-AC1D-95809D1C7E9B}"
EndProject
Project("{2150E333-8FDC-42A3-9474-1A3956D46DE8}") = "Testing", "Testing", "{1F6A92B6-F510-40EE-A83F-AC3044D291FA}"
EndProject
Project("{2150E333-8FDC-42A3-9474-1A3956D46DE8}") = "API", "API", "{AF36EF8B-2FBB-4DFE-9217-ACAB9E03DE65}"
EndProject
Project("{2150E333-8FDC-42A3-9474-1A3956D46DE8}") = "DAL", "DAL", "{5957AD2B-110C-4550-BD80-28F7A1A93D8B}"
EndProject
Project("{2150E333-8FDC-42A3-9474-1A3956D46DE8}") = "BLL", "BLL", "{57845C8F-2160-46B0-A21C-D6EFEDACD505}"
EndProject
Project("{9A19103F-16F7-4668-BE54-9A1E7A4F7556}") = "SEOProject.DAL.Entities", "SEOProject.DAL.Entities\SEOProject.DAL.Entities.csproj", "{AD201257-A39F-4904-ADA4-52965F58B41F}"
EndProject
Project("{9A19103F-16F7-4668-BE54-9A1E7A4F7556}") = "SEOProject.BLL", "SEOProject.BLL\SEOProject.BLL.csproj", "{2EB14952-588D-4D83-B3FD-2E296D598040}"
EndProject
Project("{2150E333-8FDC-42A3-9474-1A3956D46DE8}") = "UI", "UI", "{C7038F6C-C8BC-4337-8639-2D07EB62E391}"
EndProject
Project("{9A19103F-16F7-4668-BE54-9A1E7A4F7556}") = "SEOProject.API", "SEOProject.API\SEOProject.API.csproj", "{8AED4F2B-3E93-4FD3-913C-3A5C17601772}"
EndProject
Project("{9A19103F-16F7-4668-BE54-9A1E7A4F7556}") = "SEOProject.API.Connector", "SEOProject.API.Connector\SEOProject.API.Connector.csproj", "{65EDB979-DA36-4EF5-A108-8A72ECF77C8C}"
EndProject
Project("{9A19103F-16F7-4668-BE54-9A1E7A4F7556}") = "SEOProject.API.DTO", "SEOProject.DTO\SEOProject.API.DTO.csproj", "{689162BE-7CE3-4267-8926-82FDACABDFA5}"
EndProject
Project("{9A19103F-16F7-4668-BE54-9A1E7A4F7556}") = "SEOProject.BLL.Testing", "SEOProject.BLL.Testing\SEOProject.BLL.Testing.csproj", "{3000FDFA-E3E7-4617-A2C1-4105BAB84BD7}"
EndProject
Project("{9A19103F-16F7-4668-BE54-9A1E7A4F7556}") = "SEOProject.API.Testing", "SEOProject.API.Testing\SEOProject.API.Testing.csproj", "{57A6603F-98A8-4FC7-8140-F04741AFE39E}"
EndProject
Project("{2150E333-8FDC-42A3-9474-1A3956D46DE8}") = "Solution Items", "Solution Items", "{B6ABBCD6-0C4E-449B-AB10-94B3F57E856D}"
	ProjectSection(SolutionItems) = preProject
		README.txt = README.txt
	EndProjectSection
EndProject
Global
	GlobalSection(SolutionConfigurationPlatforms) = preSolution
		Debug|Any CPU = Debug|Any CPU
		Release|Any CPU = Release|Any CPU
	EndGlobalSection
	GlobalSection(ProjectConfigurationPlatforms) = postSolution
		{D1688D23-1565-48B5-A09E-645982B4D1C3}.Debug|Any CPU.ActiveCfg = Debug|Any CPU
		{D1688D23-1565-48B5-A09E-645982B4D1C3}.Debug|Any CPU.Build.0 = Debug|Any CPU
		{D1688D23-1565-48B5-A09E-645982B4D1C3}.Release|Any CPU.ActiveCfg = Release|Any CPU
		{D1688D23-1565-48B5-A09E-645982B4D1C3}.Release|Any CPU.Build.0 = Release|Any CPU
		{A7932F3C-543F-4B63-8219-3A772ACD49AA}.Debug|Any CPU.ActiveCfg = Debug|Any CPU
		{A7932F3C-543F-4B63-8219-3A772ACD49AA}.Debug|Any CPU.Build.0 = Debug|Any CPU
		{A7932F3C-543F-4B63-8219-3A772ACD49AA}.Release|Any CPU.ActiveCfg = Release|Any CPU
		{A7932F3C-543F-4B63-8219-3A772ACD49AA}.Release|Any CPU.Build.0 = Release|Any CPU
		{5220A7DE-2A2B-4DB0-AC1D-95809D1C7E9B}.Debug|Any CPU.ActiveCfg = Debug|Any CPU
		{5220A7DE-2A2B-4DB0-AC1D-95809D1C7E9B}.Debug|Any CPU.Build.0 = Debug|Any CPU
		{5220A7DE-2A2B-4DB0-AC1D-95809D1C7E9B}.Release|Any CPU.ActiveCfg = Release|Any CPU
		{5220A7DE-2A2B-4DB0-AC1D-95809D1C7E9B}.Release|Any CPU.Build.0 = Release|Any CPU
		{AD201257-A39F-4904-ADA4-52965F58B41F}.Debug|Any CPU.ActiveCfg = Debug|Any CPU
		{AD201257-A39F-4904-ADA4-52965F58B41F}.Debug|Any CPU.Build.0 = Debug|Any CPU
		{AD201257-A39F-4904-ADA4-52965F58B41F}.Release|Any CPU.ActiveCfg = Release|Any CPU
		{AD201257-A39F-4904-ADA4-52965F58B41F}.Release|Any CPU.Build.0 = Release|Any CPU
		{2EB14952-588D-4D83-B3FD-2E296D598040}.Debug|Any CPU.ActiveCfg = Debug|Any CPU
		{2EB14952-588D-4D83-B3FD-2E296D598040}.Debug|Any CPU.Build.0 = Debug|Any CPU
		{2EB14952-588D-4D83-B3FD-2E296D598040}.Release|Any CPU.ActiveCfg = Release|Any CPU
		{2EB14952-588D-4D83-B3FD-2E296D598040}.Release|Any CPU.Build.0 = Release|Any CPU
		{8AED4F2B-3E93-4FD3-913C-3A5C17601772}.Debug|Any CPU.ActiveCfg = Debug|Any CPU
		{8AED4F2B-3E93-4FD3-913C-3A5C17601772}.Debug|Any CPU.Build.0 = Debug|Any CPU
		{8AED4F2B-3E93-4FD3-913C-3A5C17601772}.Release|Any CPU.ActiveCfg = Release|Any CPU
		{8AED4F2B-3E93-4FD3-913C-3A5C17601772}.Release|Any CPU.Build.0 = Release|Any CPU
		{65EDB979-DA36-4EF5-A108-8A72ECF77C8C}.Debug|Any CPU.ActiveCfg = Debug|Any CPU
		{65EDB979-DA36-4EF5-A108-8A72ECF77C8C}.Debug|Any CPU.Build.0 = Debug|Any CPU
		{65EDB979-DA36-4EF5-A108-8A72ECF77C8C}.Release|Any CPU.ActiveCfg = Release|Any CPU
		{65EDB979-DA36-4EF5-A108-8A72ECF77C8C}.Release|Any CPU.Build.0 = Release|Any CPU
		{689162BE-7CE3-4267-8926-82FDACABDFA5}.Debug|Any CPU.ActiveCfg = Debug|Any CPU
		{689162BE-7CE3-4267-8926-82FDACABDFA5}.Debug|Any CPU.Build.0 = Debug|Any CPU
		{689162BE-7CE3-4267-8926-82FDACABDFA5}.Release|Any CPU.ActiveCfg = Release|Any CPU
		{689162BE-7CE3-4267-8926-82FDACABDFA5}.Release|Any CPU.Build.0 = Release|Any CPU
		{3000FDFA-E3E7-4617-A2C1-4105BAB84BD7}.Debug|Any CPU.ActiveCfg = Debug|Any CPU
		{3000FDFA-E3E7-4617-A2C1-4105BAB84BD7}.Debug|Any CPU.Build.0 = Debug|Any CPU
		{3000FDFA-E3E7-4617-A2C1-4105BAB84BD7}.Release|Any CPU.ActiveCfg = Release|Any CPU
		{3000FDFA-E3E7-4617-A2C1-4105BAB84BD7}.Release|Any CPU.Build.0 = Release|Any CPU
		{57A6603F-98A8-4FC7-8140-F04741AFE39E}.Debug|Any CPU.ActiveCfg = Debug|Any CPU
		{57A6603F-98A8-4FC7-8140-F04741AFE39E}.Debug|Any CPU.Build.0 = Debug|Any CPU
		{57A6603F-98A8-4FC7-8140-F04741AFE39E}.Release|Any CPU.ActiveCfg = Release|Any CPU
		{57A6603F-98A8-4FC7-8140-F04741AFE39E}.Release|Any CPU.Build.0 = Release|Any CPU
	EndGlobalSection
	GlobalSection(SolutionProperties) = preSolution
		HideSolutionNode = FALSE
	EndGlobalSection
	GlobalSection(NestedProjects) = preSolution
		{D1688D23-1565-48B5-A09E-645982B4D1C3} = {C7038F6C-C8BC-4337-8639-2D07EB62E391}
		{A7932F3C-543F-4B63-8219-3A772ACD49AA} = {5957AD2B-110C-4550-BD80-28F7A1A93D8B}
		{5220A7DE-2A2B-4DB0-AC1D-95809D1C7E9B} = {57845C8F-2160-46B0-A21C-D6EFEDACD505}
		{AD201257-A39F-4904-ADA4-52965F58B41F} = {5957AD2B-110C-4550-BD80-28F7A1A93D8B}
		{2EB14952-588D-4D83-B3FD-2E296D598040} = {57845C8F-2160-46B0-A21C-D6EFEDACD505}
		{8AED4F2B-3E93-4FD3-913C-3A5C17601772} = {AF36EF8B-2FBB-4DFE-9217-ACAB9E03DE65}
		{65EDB979-DA36-4EF5-A108-8A72ECF77C8C} = {AF36EF8B-2FBB-4DFE-9217-ACAB9E03DE65}
		{689162BE-7CE3-4267-8926-82FDACABDFA5} = {AF36EF8B-2FBB-4DFE-9217-ACAB9E03DE65}
		{3000FDFA-E3E7-4617-A2C1-4105BAB84BD7} = {1F6A92B6-F510-40EE-A83F-AC3044D291FA}
		{57A6603F-98A8-4FC7-8140-F04741AFE39E} = {1F6A92B6-F510-40EE-A83F-AC3044D291FA}
	EndGlobalSection
	GlobalSection(ExtensibilityGlobals) = postSolution
		SolutionGuid = {55F60131-8D69-42C2-9B5E-23FB38BEAC2E}
	EndGlobalSection
EndGlobal
